
Microsoft Visual Studio Solution File, Format Version 12.00
# Visual Studio 2013
VisualStudioVersion = 12.0.21005.1
MinimumVisualStudioVersion = 10.0.40219.1
Project("{FAE04EC0-301F-11D3-BF4B-00C04F79EFBC}") = "Carpets", "Carpets\Carpets.csproj", "{E05A6061-94A7-4AD2-8928-47B67C39FD00}"
EndProject
Project("{FAE04EC0-301F-11D3-BF4B-00C04F79EFBC}") = "Fir Tree", "Fir Tree\Fir Tree.csproj", "{C9DA6C1C-9CDC-4844-8EFA-0F2601FF7F36}"
EndProject
Project("{FAE04EC0-301F-11D3-BF4B-00C04F79EFBC}") = "CarpetsArray", "Test\CarpetsArray.csproj", "{1F6EB966-7B93-4C36-8C49-BE186D936ACA}"
EndProject
Global
	GlobalSection(SolutionConfigurationPlatforms) = preSolution
		Debug|Any CPU = Debug|Any CPU
		Release|Any CPU = Release|Any CPU
	EndGlobalSection
	GlobalSection(ProjectConfigurationPlatforms) = postSolution
		{E05A6061-94A7-4AD2-8928-47B67C39FD00}.Debug|Any CPU.ActiveCfg = Debug|Any CPU
		{E05A6061-94A7-4AD2-8928-47B67C39FD00}.Debug|Any CPU.Build.0 = Debug|Any CPU
		{E05A6061-94A7-4AD2-8928-47B67C39FD00}.Release|Any CPU.ActiveCfg = Release|Any CPU
		{E05A6061-94A7-4AD2-8928-47B67C39FD00}.Release|Any CPU.Build.0 = Release|Any CPU
		{C9DA6C1C-9CDC-4844-8EFA-0F2601FF7F36}.Debug|Any CPU.ActiveCfg = Debug|Any CPU
		{C9DA6C1C-9CDC-4844-8EFA-0F2601FF7F36}.Debug|Any CPU.Build.0 = Debug|Any CPU
		{C9DA6C1C-9CDC-4844-8EFA-0F2601FF7F36}.Release|Any CPU.ActiveCfg = Release|Any CPU
		{C9DA6C1C-9CDC-4844-8EFA-0F2601FF7F36}.Release|Any CPU.Build.0 = Release|Any CPU
		{1F6EB966-7B93-4C36-8C49-BE186D936ACA}.Debug|Any CPU.ActiveCfg = Debug|Any CPU
		{1F6EB966-7B93-4C36-8C49-BE186D936ACA}.Debug|Any CPU.Build.0 = Debug|Any CPU
		{1F6EB966-7B93-4C36-8C49-BE186D936ACA}.Release|Any CPU.ActiveCfg = Release|Any CPU
		{1F6EB966-7B93-4C36-8C49-BE186D936ACA}.Release|Any CPU.Build.0 = Release|Any CPU
	EndGlobalSection
	GlobalSection(SolutionProperties) = preSolution
		HideSolutionNode = FALSE
	EndGlobalSection
EndGlobal
