
Microsoft Visual Studio Solution File, Format Version 12.00
# Visual Studio 2013
VisualStudioVersion = 12.0.21005.1
MinimumVisualStudioVersion = 10.0.40219.1
Project("{FAE04EC0-301F-11D3-BF4B-00C04F79EFBC}") = "BullsandCows", "BullsandCows\BullsandCows.csproj", "{3E87B442-1E54-4754-AE9A-2C0D617A9975}"
EndProject
Project("{FAE04EC0-301F-11D3-BF4B-00C04F79EFBC}") = "AppleOrange", "AppleOrange\AppleOrange.csproj", "{E3C0F263-B757-4235-8DE6-99991DB0D8DD}"
EndProject
Project("{FAE04EC0-301F-11D3-BF4B-00C04F79EFBC}") = "Test", "Test\Test.csproj", "{CAE01279-5162-4D7D-B59A-C7D3D757A316}"
EndProject
Global
	GlobalSection(SolutionConfigurationPlatforms) = preSolution
		Debug|Any CPU = Debug|Any CPU
		Release|Any CPU = Release|Any CPU
	EndGlobalSection
	GlobalSection(ProjectConfigurationPlatforms) = postSolution
		{3E87B442-1E54-4754-AE9A-2C0D617A9975}.Debug|Any CPU.ActiveCfg = Debug|Any CPU
		{3E87B442-1E54-4754-AE9A-2C0D617A9975}.Debug|Any CPU.Build.0 = Debug|Any CPU
		{3E87B442-1E54-4754-AE9A-2C0D617A9975}.Release|Any CPU.ActiveCfg = Release|Any CPU
		{3E87B442-1E54-4754-AE9A-2C0D617A9975}.Release|Any CPU.Build.0 = Release|Any CPU
		{E3C0F263-B757-4235-8DE6-99991DB0D8DD}.Debug|Any CPU.ActiveCfg = Debug|Any CPU
		{E3C0F263-B757-4235-8DE6-99991DB0D8DD}.Debug|Any CPU.Build.0 = Debug|Any CPU
		{E3C0F263-B757-4235-8DE6-99991DB0D8DD}.Release|Any CPU.ActiveCfg = Release|Any CPU
		{E3C0F263-B757-4235-8DE6-99991DB0D8DD}.Release|Any CPU.Build.0 = Release|Any CPU
		{CAE01279-5162-4D7D-B59A-C7D3D757A316}.Debug|Any CPU.ActiveCfg = Debug|Any CPU
		{CAE01279-5162-4D7D-B59A-C7D3D757A316}.Debug|Any CPU.Build.0 = Debug|Any CPU
		{CAE01279-5162-4D7D-B59A-C7D3D757A316}.Release|Any CPU.ActiveCfg = Release|Any CPU
		{CAE01279-5162-4D7D-B59A-C7D3D757A316}.Release|Any CPU.Build.0 = Release|Any CPU
	EndGlobalSection
	GlobalSection(SolutionProperties) = preSolution
		HideSolutionNode = FALSE
	EndGlobalSection
EndGlobal
